<?xml version="1.0" encoding="UTF-8" standalone="yes" ?>
<CodeBlocks_project_file>
	<FileVersion major="1" minor="6" />
	<Project>
		<Option title="rtfgu" />
		<Option pch_mode="2" />
		<Option compiler="gcc" />
		<Build>
			<Target title="Debug">
				<Option output="bin/librtfgu-d" prefix_auto="1" extension_auto="1" />
				<Option working_dir="" />
				<Option object_output="obj/Debug/" />
				<Option type="2" />
				<Option compiler="gcc" />
				<Option createDefFile="1" />
				<Compiler>
					<Add option="-Wall" />
					<Add option="-g" />
				</Compiler>
			</Target>
			<Target title="Release">
				<Option output="bin/librtfgu" prefix_auto="1" extension_auto="1" />
				<Option working_dir="" />
				<Option object_output="obj/Release/" />
				<Option type="2" />
				<Option compiler="gcc" />
				<Option createDefFile="1" />
				<Compiler>
					<Add option="-Wall" />
					<Add option="-O2" />
				</Compiler>
				<Linker>
					<Add option="-s" />
				</Linker>
			</Target>
		</Build>
		<Compiler>
			<Add directory="include" />
		</Compiler>
		<Unit filename="include/Ambient.h" />
		<Unit filename="include/Archway.h" />
		<Unit filename="include/AreaLight.h" />
		<Unit filename="include/AreaLighting.h" />
		<Unit filename="include/BBox.h" />
		<Unit filename="include/BRDF.h" />
		<Unit filename="include/BeveledBox.h" />
		<Unit filename="include/BeveledWedge.h" />
		<Unit filename="include/Camera.h" />
		<Unit filename="include/Compound.h" />
		<Unit filename="include/Constants.h" />
		<Unit filename="include/ConvexPartSphere.h" />
		<Unit filename="include/Directional.h" />
		<Unit filename="include/FlatMeshTriangle.h" />
		<Unit filename="include/GeometricObject.h" />
		<Unit filename="include/GlossySpecular.h" />
		<Unit filename="include/Grid.h" />
		<Unit filename="include/Hammersley.h" />
		<Unit filename="include/IBuilder.h" />
		<Unit filename="include/IRenderer.h" />
		<Unit filename="include/Instance.h" />
		<Unit filename="include/Jittered.h" />
		<Unit filename="include/Lambertian.h" />
		<Unit filename="include/Light.h" />
		<Unit filename="include/Material.h" />
		<Unit filename="include/Maths.h" />
		<Unit filename="include/Matrix.h" />
		<Unit filename="include/Matte.h" />
		<Unit filename="include/Mesh.h" />
		<Unit filename="include/MeshTriangle.h" />
		<Unit filename="include/MultiJittered.h" />
		<Unit filename="include/MultipleObjects.h" />
		<Unit filename="include/NRooks.h" />
		<Unit filename="include/Normal.h" />
		<Unit filename="include/OpenCylinder.h" />
		<Unit filename="include/Orthographic.h" />
		<Unit filename="include/PerfectSpecular.h" />
		<Unit filename="include/Pinhole.h" />
		<Unit filename="include/Plane.h" />
		<Unit filename="include/Point2D.h" />
		<Unit filename="include/Point3D.h" />
		<Unit filename="include/PureRandom.h" />
		<Unit filename="include/RGBColor.h" />
		<Unit filename="include/Ray.h" />
		<Unit filename="include/RayCast.h" />
		<Unit filename="include/Rectangle.h" />
		<Unit filename="include/Reflective.h" />
		<Unit filename="include/Regular.h" />
		<Unit filename="include/Rosette.h" />
		<Unit filename="include/Sampler.h" />
		<Unit filename="include/ShadeRec.h" />
		<Unit filename="include/SingleSphere.h" />
		<Unit filename="include/SmoothMeshTriangle.h" />
		<Unit filename="include/SmoothTriangle.h" />
		<Unit filename="include/Sphere.h" />
		<Unit filename="include/Torus.h" />
		<Unit filename="include/Tracer.h" />
		<Unit filename="include/Triangle.h" />
		<Unit filename="include/Vector3D.h" />
		<Unit filename="include/ViewPlane.h" />
		<Unit filename="include/Whitted.h" />
		<Unit filename="include/World.h" />
		<Unit filename="include/ply.h" />
		<Unit filename="src/Ambient.cpp" />
		<Unit filename="src/Archway.cpp" />
		<Unit filename="src/AreaLight.cpp" />
		<Unit filename="src/AreaLighting.cpp" />
		<Unit filename="src/BBox.cpp" />
		<Unit filename="src/BRDF.cpp" />
		<Unit filename="src/BeveledBox.cpp" />
		<Unit filename="src/BeveledWedge.cpp" />
		<Unit filename="src/BuildShadedObjects.cpp" />
		<Unit filename="src/Camera.cpp" />
		<Unit filename="src/Compound.cpp" />
		<Unit filename="src/ConvexPartSphere.cpp" />
		<Unit filename="src/Directional.cpp" />
		<Unit filename="src/FlatMeshTriangle.cpp" />
		<Unit filename="src/GeometricObject.cpp" />
		<Unit filename="src/GlossySpecular.cpp" />
		<Unit filename="src/Grid.cpp" />
		<Unit filename="src/Hammersley.cpp" />
		<Unit filename="src/Instance.cpp" />
		<Unit filename="src/Jittered.cpp" />
		<Unit filename="src/Lambertian.cpp" />
		<Unit filename="src/Light.cpp" />
		<Unit filename="src/Material.cpp" />
		<Unit filename="src/Maths.cpp" />
		<Unit filename="src/Matrix.cpp" />
		<Unit filename="src/Matte.cpp" />
		<Unit filename="src/Mesh.cpp" />
		<Unit filename="src/MeshTriangle.cpp" />
		<Unit filename="src/MultiJittered.cpp" />
		<Unit filename="src/MultipleObjects.cpp" />
		<Unit filename="src/NRooks.cpp" />
		<Unit filename="src/Normal.cpp" />
		<Unit filename="src/OpenCylinder.cpp" />
		<Unit filename="src/PerfectSpecular.cpp" />
		<Unit filename="src/Pinhole.cpp" />
		<Unit filename="src/Plane.cpp" />
		<Unit filename="src/Point2D.cpp" />
		<Unit filename="src/Point3D.cpp" />
		<Unit filename="src/PureRandom.cpp" />
		<Unit filename="src/RGBColor.cpp" />
		<Unit filename="src/Ray.cpp" />
		<Unit filename="src/RayCast.cpp" />
		<Unit filename="src/Rectangle.cpp" />
		<Unit filename="src/Reflective.cpp" />
		<Unit filename="src/Regular.cpp" />
		<Unit filename="src/Rosette.cpp" />
		<Unit filename="src/Sampler.cpp" />
		<Unit filename="src/ShadeRec.cpp" />
		<Unit filename="src/SingleSphere.cpp" />
		<Unit filename="src/SmoothMeshTriangle.cpp" />
		<Unit filename="src/SmoothTriangle.cpp" />
		<Unit filename="src/Sphere.cpp" />
		<Unit filename="src/Torus.cpp" />
		<Unit filename="src/Tracer.cpp" />
		<Unit filename="src/Triangle.cpp" />
		<Unit filename="src/Vector3D.cpp" />
		<Unit filename="src/ViewPlane.cpp" />
		<Unit filename="src/Whitted.cpp" />
		<Unit filename="src/World.cpp" />
		<Extensions>
			<envvars />
			<code_completion />
			<lib_finder disable_auto="1" />
			<debugger />
		</Extensions>
	</Project>
</CodeBlocks_project_file>
